
Microsoft Visual Studio Solution File, Format Version 12.00
# Visual Studio Version 17
VisualStudioVersion = 17.6.33723.286
MinimumVisualStudioVersion = 10.0.40219.1
Project("{9A19103F-16F7-4668-BE54-9A1E7A4F7556}") = "FileImporter", "src\FileImporter\FileImporter.csproj", "{E61CC4FA-9EE0-42FE-8A71-CD5C1FA651E7}"
EndProject
Project("{FAE04EC0-301F-11D3-BF4B-00C04F79EFBC}") = "FileImporter.Tests", "src\FileImporter.Tests\FileImporter.Tests.csproj", "{5506EF5E-411C-487F-8E67-23611945D3CD}"
EndProject
Project("{FAE04EC0-301F-11D3-BF4B-00C04F79EFBC}") = "FileImporter.Demo", "src\FileImporter.Demo\FileImporter.Demo.csproj", "{8329961F-D142-48DE-82E6-21C6EDBBC556}"
EndProject
Global
	GlobalSection(SolutionConfigurationPlatforms) = preSolution
		Debug|Any CPU = Debug|Any CPU
		Release|Any CPU = Release|Any CPU
	EndGlobalSection
	GlobalSection(ProjectConfigurationPlatforms) = postSolution
		{E61CC4FA-9EE0-42FE-8A71-CD5C1FA651E7}.Debug|Any CPU.ActiveCfg = Debug|Any CPU
		{E61CC4FA-9EE0-42FE-8A71-CD5C1FA651E7}.Debug|Any CPU.Build.0 = Debug|Any CPU
		{E61CC4FA-9EE0-42FE-8A71-CD5C1FA651E7}.Release|Any CPU.ActiveCfg = Release|Any CPU
		{E61CC4FA-9EE0-42FE-8A71-CD5C1FA651E7}.Release|Any CPU.Build.0 = Release|Any CPU
		{5506EF5E-411C-487F-8E67-23611945D3CD}.Debug|Any CPU.ActiveCfg = Debug|Any CPU
		{5506EF5E-411C-487F-8E67-23611945D3CD}.Debug|Any CPU.Build.0 = Debug|Any CPU
		{5506EF5E-411C-487F-8E67-23611945D3CD}.Release|Any CPU.ActiveCfg = Release|Any CPU
		{5506EF5E-411C-487F-8E67-23611945D3CD}.Release|Any CPU.Build.0 = Release|Any CPU
		{8329961F-D142-48DE-82E6-21C6EDBBC556}.Debug|Any CPU.ActiveCfg = Debug|Any CPU
		{8329961F-D142-48DE-82E6-21C6EDBBC556}.Debug|Any CPU.Build.0 = Debug|Any CPU
		{8329961F-D142-48DE-82E6-21C6EDBBC556}.Release|Any CPU.ActiveCfg = Release|Any CPU
		{8329961F-D142-48DE-82E6-21C6EDBBC556}.Release|Any CPU.Build.0 = Release|Any CPU
	EndGlobalSection
	GlobalSection(SolutionProperties) = preSolution
		HideSolutionNode = FALSE
	EndGlobalSection
	GlobalSection(ExtensibilityGlobals) = postSolution
		SolutionGuid = {9C05DD70-CE37-49BE-BB12-9FB1BE3C6355}
	EndGlobalSection
	GlobalSection(NestedProjects) = preSolution
	EndGlobalSection
EndGlobal
